{
  "name": "medical-recordsapi",
  "version": "1.0.0",
  "lockfileVersion": 1,
  "requires": true,
  "dependencies": {
    "aes-js": {
      "version": "3.1.0",
      "resolved": "https://registry.npmjs.org/aes-js/-/aes-js-3.1.0.tgz",
      "integrity": "sha1-9fdYhJRSaZfMY1zDNMi7jpZ6XYI="
    },
    "jshashes": {
      "version": "1.0.7",
      "resolved": "https://registry.npmjs.org/jshashes/-/jshashes-1.0.7.tgz",
      "integrity": "sha1-vtjJeg6WMv0FE5FvVfdt1Uhr5Z8="
    }
  }
}
